
Microsoft Visual Studio Solution File, Format Version 12.00
# Visual Studio Version 17
VisualStudioVersion = 17.1.32414.318
MinimumVisualStudioVersion = 10.0.40219.1
Project("{FAE04EC0-301F-11D3-BF4B-00C04F79EFBC}") = "YI.ChainOfResponsibility", "YI.ChainOfResponsibility\YI.ChainOfResponsibility.csproj", "{3135CBC2-0ABE-4F42-B9DE-7874FBA38AFB}"
EndProject
Global
	GlobalSection(SolutionConfigurationPlatforms) = preSolution
		Debug|Any CPU = Debug|Any CPU
		Release|Any CPU = Release|Any CPU
	EndGlobalSection
	GlobalSection(ProjectConfigurationPlatforms) = postSolution
		{3135CBC2-0ABE-4F42-B9DE-7874FBA38AFB}.Debug|Any CPU.ActiveCfg = Debug|Any CPU
		{3135CBC2-0ABE-4F42-B9DE-7874FBA38AFB}.Debug|Any CPU.Build.0 = Debug|Any CPU
		{3135CBC2-0ABE-4F42-B9DE-7874FBA38AFB}.Release|Any CPU.ActiveCfg = Release|Any CPU
		{3135CBC2-0ABE-4F42-B9DE-7874FBA38AFB}.Release|Any CPU.Build.0 = Release|Any CPU
	EndGlobalSection
	GlobalSection(SolutionProperties) = preSolution
		HideSolutionNode = FALSE
	EndGlobalSection
	GlobalSection(ExtensibilityGlobals) = postSolution
		SolutionGuid = {0E3ADE04-B402-455A-92E2-CC146D33267D}
	EndGlobalSection
EndGlobal
